// !$*UTF8*$!
{
	archiveVersion = 1;
	classes = {
	};
	objectVersion = 51;
	objects = {

/* Begin PBXBuildFile section */
		94F0BF7B9AA79B53371721FC /* Pods_Combine_Practice.framework in Frameworks */ = {isa = PBXBuildFile; fileRef = 4EC127FD3F35B5E153CD9C7D /* Pods_Combine_Practice.framework */; };
		9D265E2426A7CC0E00284C34 /* AppDelegate.swift in Sources */ = {isa = PBXBuildFile; fileRef = 9D265E2326A7CC0E00284C34 /* AppDelegate.swift */; };
		9D265E2626A7CC0E00284C34 /* SceneDelegate.swift in Sources */ = {isa = PBXBuildFile; fileRef = 9D265E2526A7CC0E00284C34 /* SceneDelegate.swift */; };
		9D265E2826A7CC0E00284C34 /* SignUpViewController.swift in Sources */ = {isa = PBXBuildFile; fileRef = 9D265E2726A7CC0E00284C34 /* SignUpViewController.swift */; };
		9D265E2E26A7CC0E00284C34 /* Combine_Practice.xcdatamodeld in Sources */ = {isa = PBXBuildFile; fileRef = 9D265E2C26A7CC0E00284C34 /* Combine_Practice.xcdatamodeld */; };
		9D265E3026A7CC1100284C34 /* Assets.xcassets in Resources */ = {isa = PBXBuildFile; fileRef = 9D265E2F26A7CC1100284C34 /* Assets.xcassets */; };
		9D265E3326A7CC1100284C34 /* LaunchScreen.storyboard in Resources */ = {isa = PBXBuildFile; fileRef = 9D265E3126A7CC1100284C34 /* LaunchScreen.storyboard */; };
		9D265E9026A7DDAD00284C34 /* UIViewControllerExtension.swift in Sources */ = {isa = PBXBuildFile; fileRef = 9D265E8F26A7DDAD00284C34 /* UIViewControllerExtension.swift */; };
		9D265E9326A7DDC800284C34 /* UIViewExtension.swift in Sources */ = {isa = PBXBuildFile; fileRef = 9D265E9226A7DDC700284C34 /* UIViewExtension.swift */; };
		9D45671F26A881FF006F3202 /* HeaderView.swift in Sources */ = {isa = PBXBuildFile; fileRef = 9D45671E26A881FF006F3202 /* HeaderView.swift */; };
		9D45672226A887BB006F3202 /* AcceptTermsView.swift in Sources */ = {isa = PBXBuildFile; fileRef = 9D45672126A887BB006F3202 /* AcceptTermsView.swift */; };
		9D45672526A88B5E006F3202 /* AcceptPrivacyView.swift in Sources */ = {isa = PBXBuildFile; fileRef = 9D45672426A88B5E006F3202 /* AcceptPrivacyView.swift */; };
		9D45672826A88C22006F3202 /* AccountView.swift in Sources */ = {isa = PBXBuildFile; fileRef = 9D45672726A88C22006F3202 /* AccountView.swift */; };
		9DA93CAC26A9C51100ACDC1A /* ButtonView.swift in Sources */ = {isa = PBXBuildFile; fileRef = 9DA93CAB26A9C51100ACDC1A /* ButtonView.swift */; };
		9DA93CB026A9C79000ACDC1A /* SignupView.swift in Sources */ = {isa = PBXBuildFile; fileRef = 9DA93CAF26A9C79000ACDC1A /* SignupView.swift */; };
		9DA93CB426A9D20C00ACDC1A /* String+Blank.swift in Sources */ = {isa = PBXBuildFile; fileRef = 9DA93CB326A9D20C00ACDC1A /* String+Blank.swift */; };
		9DA93CB826AA737500ACDC1A /* UIButton+.swift in Sources */ = {isa = PBXBuildFile; fileRef = 9DA93CB726AA737500ACDC1A /* UIButton+.swift */; };
		9DA93CBB26AA75FD00ACDC1A /* PasswordView.swift in Sources */ = {isa = PBXBuildFile; fileRef = 9DA93CBA26AA75FD00ACDC1A /* PasswordView.swift */; };
		9DA93CC026AA889800ACDC1A /* TextField.swift in Sources */ = {isa = PBXBuildFile; fileRef = 9DA93CBF26AA889700ACDC1A /* TextField.swift */; };
		9DA93CC326AAA88600ACDC1A /* SignUpViewModel.swift in Sources */ = {isa = PBXBuildFile; fileRef = 9DA93CC226AAA88600ACDC1A /* SignUpViewModel.swift */; };
/* End PBXBuildFile section */

/* Begin PBXFileReference section */
		4EC127FD3F35B5E153CD9C7D /* Pods_Combine_Practice.framework */ = {isa = PBXFileReference; explicitFileType = wrapper.framework; includeInIndex = 0; path = Pods_Combine_Practice.framework; sourceTree = BUILT_PRODUCTS_DIR; };
		9D265E2026A7CC0E00284C34 /* Combine Practice.app */ = {isa = PBXFileReference; explicitFileType = wrapper.application; includeInIndex = 0; path = "Combine Practice.app"; sourceTree = BUILT_PRODUCTS_DIR; };
		9D265E2326A7CC0E00284C34 /* AppDelegate.swift */ = {isa = PBXFileReference; lastKnownFileType = sourcecode.swift; path = AppDelegate.swift; sourceTree = "<group>"; };
		9D265E2526A7CC0E00284C34 /* SceneDelegate.swift */ = {isa = PBXFileReference; lastKnownFileType = sourcecode.swift; path = SceneDelegate.swift; sourceTree = "<group>"; };
		9D265E2726A7CC0E00284C34 /* SignUpViewController.swift */ = {isa = PBXFileReference; lastKnownFileType = sourcecode.swift; path = SignUpViewController.swift; sourceTree = "<group>"; };
		9D265E2D26A7CC0E00284C34 /* Combine_Practice.xcdatamodel */ = {isa = PBXFileReference; lastKnownFileType = wrapper.xcdatamodel; path = Combine_Practice.xcdatamodel; sourceTree = "<group>"; };
		9D265E2F26A7CC1100284C34 /* Assets.xcassets */ = {isa = PBXFileReference; lastKnownFileType = folder.assetcatalog; path = Assets.xcassets; sourceTree = "<group>"; };
		9D265E3226A7CC1100284C34 /* Base */ = {isa = PBXFileReference; lastKnownFileType = file.storyboard; name = Base; path = Base.lproj/LaunchScreen.storyboard; sourceTree = "<group>"; };
		9D265E3426A7CC1100284C34 /* Info.plist */ = {isa = PBXFileReference; lastKnownFileType = text.plist.xml; path = Info.plist; sourceTree = "<group>"; };
		9D265E8F26A7DDAD00284C34 /* UIViewControllerExtension.swift */ = {isa = PBXFileReference; lastKnownFileType = sourcecode.swift; path = UIViewControllerExtension.swift; sourceTree = "<group>"; };
		9D265E9226A7DDC700284C34 /* UIViewExtension.swift */ = {isa = PBXFileReference; lastKnownFileType = sourcecode.swift; path = UIViewExtension.swift; sourceTree = "<group>"; };
		9D45671E26A881FF006F3202 /* HeaderView.swift */ = {isa = PBXFileReference; lastKnownFileType = sourcecode.swift; path = HeaderView.swift; sourceTree = "<group>"; };
		9D45672126A887BB006F3202 /* AcceptTermsView.swift */ = {isa = PBXFileReference; lastKnownFileType = sourcecode.swift; path = AcceptTermsView.swift; sourceTree = "<group>"; };
		9D45672426A88B5E006F3202 /* AcceptPrivacyView.swift */ = {isa = PBXFileReference; lastKnownFileType = sourcecode.swift; path = AcceptPrivacyView.swift; sourceTree = "<group>"; };
		9D45672726A88C22006F3202 /* AccountView.swift */ = {isa = PBXFileReference; lastKnownFileType = sourcecode.swift; path = AccountView.swift; sourceTree = "<group>"; };
		9DA93CAB26A9C51100ACDC1A /* ButtonView.swift */ = {isa = PBXFileReference; lastKnownFileType = sourcecode.swift; path = ButtonView.swift; sourceTree = "<group>"; };
		9DA93CAF26A9C79000ACDC1A /* SignupView.swift */ = {isa = PBXFileReference; lastKnownFileType = sourcecode.swift; path = SignupView.swift; sourceTree = "<group>"; };
		9DA93CB326A9D20C00ACDC1A /* String+Blank.swift */ = {isa = PBXFileReference; lastKnownFileType = sourcecode.swift; path = "String+Blank.swift"; sourceTree = "<group>"; };
		9DA93CB726AA737500ACDC1A /* UIButton+.swift */ = {isa = PBXFileReference; lastKnownFileType = sourcecode.swift; path = "UIButton+.swift"; sourceTree = "<group>"; };
		9DA93CBA26AA75FD00ACDC1A /* PasswordView.swift */ = {isa = PBXFileReference; lastKnownFileType = sourcecode.swift; path = PasswordView.swift; sourceTree = "<group>"; };
		9DA93CBF26AA889700ACDC1A /* TextField.swift */ = {isa = PBXFileReference; lastKnownFileType = sourcecode.swift; path = TextField.swift; sourceTree = "<group>"; };
		9DA93CC226AAA88600ACDC1A /* SignUpViewModel.swift */ = {isa = PBXFileReference; lastKnownFileType = sourcecode.swift; path = SignUpViewModel.swift; sourceTree = "<group>"; };
		CEBD6EFC691A1435207B0393 /* Pods-Combine Practice.release.xcconfig */ = {isa = PBXFileReference; includeInIndex = 1; lastKnownFileType = text.xcconfig; name = "Pods-Combine Practice.release.xcconfig"; path = "Target Support Files/Pods-Combine Practice/Pods-Combine Practice.release.xcconfig"; sourceTree = "<group>"; };
		EFDB7749C74B9E78695BC644 /* Pods-Combine Practice.debug.xcconfig */ = {isa = PBXFileReference; includeInIndex = 1; lastKnownFileType = text.xcconfig; name = "Pods-Combine Practice.debug.xcconfig"; path = "Target Support Files/Pods-Combine Practice/Pods-Combine Practice.debug.xcconfig"; sourceTree = "<group>"; };
/* End PBXFileReference section */

/* Begin PBXFrameworksBuildPhase section */
		9D265E1D26A7CC0E00284C34 /* Frameworks */ = {
			isa = PBXFrameworksBuildPhase;
			buildActionMask = 2147483647;
			files = (
				94F0BF7B9AA79B53371721FC /* Pods_Combine_Practice.framework in Frameworks */,
			);
			runOnlyForDeploymentPostprocessing = 0;
		};
/* End PBXFrameworksBuildPhase section */

/* Begin PBXGroup section */
		81177D6929BE7312135079B2 /* Frameworks */ = {
			isa = PBXGroup;
			children = (
				4EC127FD3F35B5E153CD9C7D /* Pods_Combine_Practice.framework */,
			);
			name = Frameworks;
			sourceTree = "<group>";
		};
		9D265E1726A7CC0E00284C34 = {
			isa = PBXGroup;
			children = (
				9D265E2226A7CC0E00284C34 /* Combine Practice */,
				9D265E2126A7CC0E00284C34 /* Products */,
				CFC945FC84B542EB15CE5045 /* Pods */,
				81177D6929BE7312135079B2 /* Frameworks */,
			);
			sourceTree = "<group>";
		};
		9D265E2126A7CC0E00284C34 /* Products */ = {
			isa = PBXGroup;
			children = (
				9D265E2026A7CC0E00284C34 /* Combine Practice.app */,
			);
			name = Products;
			sourceTree = "<group>";
		};
		9D265E2226A7CC0E00284C34 /* Combine Practice */ = {
			isa = PBXGroup;
			children = (
				9D265E2326A7CC0E00284C34 /* AppDelegate.swift */,
				9D265E2526A7CC0E00284C34 /* SceneDelegate.swift */,
				9DA93CC826AAA8B900ACDC1A /* Module */,
				9DA93CCC26AAA8D500ACDC1A /* Utilities */,
				9DA93CC526AAA89A00ACDC1A /* Extension_Preview */,
				9D265E2F26A7CC1100284C34 /* Assets.xcassets */,
				9D265E3126A7CC1100284C34 /* LaunchScreen.storyboard */,
				9D265E3426A7CC1100284C34 /* Info.plist */,
				9D265E2C26A7CC0E00284C34 /* Combine_Practice.xcdatamodeld */,
			);
			path = "Combine Practice";
			sourceTree = "<group>";
		};
		9DA93CC526AAA89A00ACDC1A /* Extension_Preview */ = {
			isa = PBXGroup;
			children = (
				9D265E8F26A7DDAD00284C34 /* UIViewControllerExtension.swift */,
				9D265E9226A7DDC700284C34 /* UIViewExtension.swift */,
			);
			path = Extension_Preview;
			sourceTree = "<group>";
		};
		9DA93CC826AAA8B900ACDC1A /* Module */ = {
			isa = PBXGroup;
			children = (
				9DA93CCA26AAA8C100ACDC1A /* SignUp */,
			);
			path = Module;
			sourceTree = "<group>";
		};
		9DA93CCA26AAA8C100ACDC1A /* SignUp */ = {
			isa = PBXGroup;
			children = (
				9DA93CD226AAA8F800ACDC1A /* ViewModel */,
				9DA93CCE26AAA8E600ACDC1A /* View */,
				9DA93CD026AAA8F200ACDC1A /* ViewController */,
			);
			path = SignUp;
			sourceTree = "<group>";
		};
		9DA93CCC26AAA8D500ACDC1A /* Utilities */ = {
			isa = PBXGroup;
			children = (
				9DA93CBF26AA889700ACDC1A /* TextField.swift */,
				9DA93CB726AA737500ACDC1A /* UIButton+.swift */,
				9DA93CB326A9D20C00ACDC1A /* String+Blank.swift */,
			);
			path = Utilities;
			sourceTree = "<group>";
		};
		9DA93CCE26AAA8E600ACDC1A /* View */ = {
			isa = PBXGroup;
			children = (
				9D45671E26A881FF006F3202 /* HeaderView.swift */,
				9D45672126A887BB006F3202 /* AcceptTermsView.swift */,
				9D45672426A88B5E006F3202 /* AcceptPrivacyView.swift */,
				9D45672726A88C22006F3202 /* AccountView.swift */,
				9DA93CAB26A9C51100ACDC1A /* ButtonView.swift */,
				9DA93CBA26AA75FD00ACDC1A /* PasswordView.swift */,
				9DA93CAF26A9C79000ACDC1A /* SignupView.swift */,
			);
			path = View;
			sourceTree = "<group>";
		};
		9DA93CD026AAA8F200ACDC1A /* ViewController */ = {
			isa = PBXGroup;
			children = (
				9D265E2726A7CC0E00284C34 /* SignUpViewController.swift */,
			);
			path = ViewController;
			sourceTree = "<group>";
		};
		9DA93CD226AAA8F800ACDC1A /* ViewModel */ = {
			isa = PBXGroup;
			children = (
				9DA93CC226AAA88600ACDC1A /* SignUpViewModel.swift */,
			);
			path = ViewModel;
			sourceTree = "<group>";
		};
		CFC945FC84B542EB15CE5045 /* Pods */ = {
			isa = PBXGroup;
			children = (
				EFDB7749C74B9E78695BC644 /* Pods-Combine Practice.debug.xcconfig */,
				CEBD6EFC691A1435207B0393 /* Pods-Combine Practice.release.xcconfig */,
			);
			path = Pods;
			sourceTree = "<group>";
		};
/* End PBXGroup section */

/* Begin PBXNativeTarget section */
		9D265E1F26A7CC0E00284C34 /* Combine Practice */ = {
			isa = PBXNativeTarget;
			buildConfigurationList = 9D265E4D26A7CC1200284C34 /* Build configuration list for PBXNativeTarget "Combine Practice" */;
			buildPhases = (
				A58E7791A04035A101CE8E8D /* [CP] Check Pods Manifest.lock */,
				9D265E1C26A7CC0E00284C34 /* Sources */,
				9D265E1D26A7CC0E00284C34 /* Frameworks */,
				9D265E1E26A7CC0E00284C34 /* Resources */,
				4C261808CB3DF28AB4F62A21 /* [CP] Embed Pods Frameworks */,
			);
			buildRules = (
			);
			dependencies = (
			);
			name = "Combine Practice";
			productName = "Combine Practice";
			productReference = 9D265E2026A7CC0E00284C34 /* Combine Practice.app */;
			productType = "com.apple.product-type.application";
		};
/* End PBXNativeTarget section */

/* Begin PBXProject section */
		9D265E1826A7CC0E00284C34 /* Project object */ = {
			isa = PBXProject;
			attributes = {
				LastSwiftUpdateCheck = 1240;
				LastUpgradeCheck = 1240;
				TargetAttributes = {
					9D265E1F26A7CC0E00284C34 = {
						CreatedOnToolsVersion = 12.4;
					};
				};
			};
			buildConfigurationList = 9D265E1B26A7CC0E00284C34 /* Build configuration list for PBXProject "Combine Practice" */;
			compatibilityVersion = "Xcode 9.3";
			developmentRegion = en;
			hasScannedForEncodings = 0;
			knownRegions = (
				en,
				Base,
			);
			mainGroup = 9D265E1726A7CC0E00284C34;
			productRefGroup = 9D265E2126A7CC0E00284C34 /* Products */;
			projectDirPath = "";
			projectRoot = "";
			targets = (
				9D265E1F26A7CC0E00284C34 /* Combine Practice */,
			);
		};
/* End PBXProject section */

/* Begin PBXResourcesBuildPhase section */
		9D265E1E26A7CC0E00284C34 /* Resources */ = {
			isa = PBXResourcesBuildPhase;
			buildActionMask = 2147483647;
			files = (
				9D265E3326A7CC1100284C34 /* LaunchScreen.storyboard in Resources */,
				9D265E3026A7CC1100284C34 /* Assets.xcassets in Resources */,
			);
			runOnlyForDeploymentPostprocessing = 0;
		};
/* End PBXResourcesBuildPhase section */

/* Begin PBXShellScriptBuildPhase section */
		4C261808CB3DF28AB4F62A21 /* [CP] Embed Pods Frameworks */ = {
			isa = PBXShellScriptBuildPhase;
			buildActionMask = 2147483647;
			files = (
			);
			inputFileListPaths = (
				"${PODS_ROOT}/Target Support Files/Pods-Combine Practice/Pods-Combine Practice-frameworks-${CONFIGURATION}-input-files.xcfilelist",
			);
			name = "[CP] Embed Pods Frameworks";
			outputFileListPaths = (
				"${PODS_ROOT}/Target Support Files/Pods-Combine Practice/Pods-Combine Practice-frameworks-${CONFIGURATION}-output-files.xcfilelist",
			);
			runOnlyForDeploymentPostprocessing = 0;
			shellPath = /bin/sh;
			shellScript = "\"${PODS_ROOT}/Target Support Files/Pods-Combine Practice/Pods-Combine Practice-frameworks.sh\"\n";
			showEnvVarsInLog = 0;
		};
		A58E7791A04035A101CE8E8D /* [CP] Check Pods Manifest.lock */ = {
			isa = PBXShellScriptBuildPhase;
			buildActionMask = 2147483647;
			files = (
			);
			inputFileListPaths = (
			);
			inputPaths = (
				"${PODS_PODFILE_DIR_PATH}/Podfile.lock",
				"${PODS_ROOT}/Manifest.lock",
			);
			name = "[CP] Check Pods Manifest.lock";
			outputFileListPaths = (
			);
			outputPaths = (
				"$(DERIVED_FILE_DIR)/Pods-Combine Practice-checkManifestLockResult.txt",
			);
			runOnlyForDeploymentPostprocessing = 0;
			shellPath = /bin/sh;
			shellScript = "diff \"${PODS_PODFILE_DIR_PATH}/Podfile.lock\" \"${PODS_ROOT}/Manifest.lock\" > /dev/null\nif [ $? != 0 ] ; then\n    # print error to STDERR\n    echo \"error: The sandbox is not in sync with the Podfile.lock. Run 'pod install' or update your CocoaPods installation.\" >&2\n    exit 1\nfi\n# This output is used by Xcode 'outputs' to avoid re-running this script phase.\necho \"SUCCESS\" > \"${SCRIPT_OUTPUT_FILE_0}\"\n";
			showEnvVarsInLog = 0;
		};
/* End PBXShellScriptBuildPhase section */

/* Begin PBXSourcesBuildPhase section */
		9D265E1C26A7CC0E00284C34 /* Sources */ = {
			isa = PBXSourcesBuildPhase;
			buildActionMask = 2147483647;
			files = (
				9D265E2E26A7CC0E00284C34 /* Combine_Practice.xcdatamodeld in Sources */,
				9DA93CC326AAA88600ACDC1A /* SignUpViewModel.swift in Sources */,
				9DA93CB826AA737500ACDC1A /* UIButton+.swift in Sources */,
				9D265E2826A7CC0E00284C34 /* SignUpViewController.swift in Sources */,
				9DA93CC026AA889800ACDC1A /* TextField.swift in Sources */,
				9D45672526A88B5E006F3202 /* AcceptPrivacyView.swift in Sources */,
				9D265E9026A7DDAD00284C34 /* UIViewControllerExtension.swift in Sources */,
				9DA93CB026A9C79000ACDC1A /* SignupView.swift in Sources */,
				9D265E2426A7CC0E00284C34 /* AppDelegate.swift in Sources */,
				9D265E9326A7DDC800284C34 /* UIViewExtension.swift in Sources */,
				9DA93CB426A9D20C00ACDC1A /* String+Blank.swift in Sources */,
				9D265E2626A7CC0E00284C34 /* SceneDelegate.swift in Sources */,
				9DA93CBB26AA75FD00ACDC1A /* PasswordView.swift in Sources */,
				9D45672826A88C22006F3202 /* AccountView.swift in Sources */,
				9D45672226A887BB006F3202 /* AcceptTermsView.swift in Sources */,
				9D45671F26A881FF006F3202 /* HeaderView.swift in Sources */,
				9DA93CAC26A9C51100ACDC1A /* ButtonView.swift in Sources */,
			);
			runOnlyForDeploymentPostprocessing = 0;
		};
/* End PBXSourcesBuildPhase section */

/* Begin PBXVariantGroup section */
		9D265E3126A7CC1100284C34 /* LaunchScreen.storyboard */ = {
			isa = PBXVariantGroup;
			children = (
				9D265E3226A7CC1100284C34 /* Base */,
			);
			name = LaunchScreen.storyboard;
			sourceTree = "<group>";
		};
/* End PBXVariantGroup section */

/* Begin XCBuildConfiguration section */
		9D265E4B26A7CC1200284C34 /* Debug */ = {
			isa = XCBuildConfiguration;
			buildSettings = {
				ALWAYS_SEARCH_USER_PATHS = NO;
				CLANG_ANALYZER_NONNULL = YES;
				CLANG_ANALYZER_NUMBER_OBJECT_CONVERSION = YES_AGGRESSIVE;
				CLANG_CXX_LANGUAGE_STANDARD = "gnu++14";
				CLANG_CXX_LIBRARY = "libc++";
				CLANG_ENABLE_MODULES = YES;
				CLANG_ENABLE_OBJC_ARC = YES;
				CLANG_ENABLE_OBJC_WEAK = YES;
				CLANG_WARN_BLOCK_CAPTURE_AUTORELEASING = YES;
				CLANG_WARN_BOOL_CONVERSION = YES;
				CLANG_WARN_COMMA = YES;
				CLANG_WARN_CONSTANT_CONVERSION = YES;
				CLANG_WARN_DEPRECATED_OBJC_IMPLEMENTATIONS = YES;
				CLANG_WARN_DIRECT_OBJC_ISA_USAGE = YES_ERROR;
				CLANG_WARN_DOCUMENTATION_COMMENTS = YES;
				CLANG_WARN_EMPTY_BODY = YES;
				CLANG_WARN_ENUM_CONVERSION = YES;
				CLANG_WARN_INFINITE_RECURSION = YES;
				CLANG_WARN_INT_CONVERSION = YES;
				CLANG_WARN_NON_LITERAL_NULL_CONVERSION = YES;
				CLANG_WARN_OBJC_IMPLICIT_RETAIN_SELF = YES;
				CLANG_WARN_OBJC_LITERAL_CONVERSION = YES;
				CLANG_WARN_OBJC_ROOT_CLASS = YES_ERROR;
				CLANG_WARN_QUOTED_INCLUDE_IN_FRAMEWORK_HEADER = YES;
				CLANG_WARN_RANGE_LOOP_ANALYSIS = YES;
				CLANG_WARN_STRICT_PROTOTYPES = YES;
				CLANG_WARN_SUSPICIOUS_MOVE = YES;
				CLANG_WARN_UNGUARDED_AVAILABILITY = YES_AGGRESSIVE;
				CLANG_WARN_UNREACHABLE_CODE = YES;
				CLANG_WARN__DUPLICATE_METHOD_MATCH = YES;
				COPY_PHASE_STRIP = NO;
				DEBUG_INFORMATION_FORMAT = dwarf;
				ENABLE_STRICT_OBJC_MSGSEND = YES;
				ENABLE_TESTABILITY = YES;
				GCC_C_LANGUAGE_STANDARD = gnu11;
				GCC_DYNAMIC_NO_PIC = NO;
				GCC_NO_COMMON_BLOCKS = YES;
				GCC_OPTIMIZATION_LEVEL = 0;
				GCC_PREPROCESSOR_DEFINITIONS = (
					"DEBUG=1",
					"$(inherited)",
				);
				GCC_WARN_64_TO_32_BIT_CONVERSION = YES;
				GCC_WARN_ABOUT_RETURN_TYPE = YES_ERROR;
				GCC_WARN_UNDECLARED_SELECTOR = YES;
				GCC_WARN_UNINITIALIZED_AUTOS = YES_AGGRESSIVE;
				GCC_WARN_UNUSED_FUNCTION = YES;
				GCC_WARN_UNUSED_VARIABLE = YES;
				IPHONEOS_DEPLOYMENT_TARGET = 13.0;
				MTL_ENABLE_DEBUG_INFO = INCLUDE_SOURCE;
				MTL_FAST_MATH = YES;
				ONLY_ACTIVE_ARCH = YES;
				SDKROOT = iphoneos;
				SWIFT_ACTIVE_COMPILATION_CONDITIONS = DEBUG;
				SWIFT_OPTIMIZATION_LEVEL = "-Onone";
			};
			name = Debug;
		};
		9D265E4C26A7CC1200284C34 /* Release */ = {
			isa = XCBuildConfiguration;
			buildSettings = {
				ALWAYS_SEARCH_USER_PATHS = NO;
				CLANG_ANALYZER_NONNULL = YES;
				CLANG_ANALYZER_NUMBER_OBJECT_CONVERSION = YES_AGGRESSIVE;
				CLANG_CXX_LANGUAGE_STANDARD = "gnu++14";
				CLANG_CXX_LIBRARY = "libc++";
				CLANG_ENABLE_MODULES = YES;
				CLANG_ENABLE_OBJC_ARC = YES;
				CLANG_ENABLE_OBJC_WEAK = YES;
				CLANG_WARN_BLOCK_CAPTURE_AUTORELEASING = YES;
				CLANG_WARN_BOOL_CONVERSION = YES;
				CLANG_WARN_COMMA = YES;
				CLANG_WARN_CONSTANT_CONVERSION = YES;
				CLANG_WARN_DEPRECATED_OBJC_IMPLEMENTATIONS = YES;
				CLANG_WARN_DIRECT_OBJC_ISA_USAGE = YES_ERROR;
				CLANG_WARN_DOCUMENTATION_COMMENTS = YES;
				CLANG_WARN_EMPTY_BODY = YES;
				CLANG_WARN_ENUM_CONVERSION = YES;
				CLANG_WARN_INFINITE_RECURSION = YES;
				CLANG_WARN_INT_CONVERSION = YES;
				CLANG_WARN_NON_LITERAL_NULL_CONVERSION = YES;
				CLANG_WARN_OBJC_IMPLICIT_RETAIN_SELF = YES;
				CLANG_WARN_OBJC_LITERAL_CONVERSION = YES;
				CLANG_WARN_OBJC_ROOT_CLASS = YES_ERROR;
				CLANG_WARN_QUOTED_INCLUDE_IN_FRAMEWORK_HEADER = YES;
				CLANG_WARN_RANGE_LOOP_ANALYSIS = YES;
				CLANG_WARN_STRICT_PROTOTYPES = YES;
				CLANG_WARN_SUSPICIOUS_MOVE = YES;
				CLANG_WARN_UNGUARDED_AVAILABILITY = YES_AGGRESSIVE;
				CLANG_WARN_UNREACHABLE_CODE = YES;
				CLANG_WARN__DUPLICATE_METHOD_MATCH = YES;
				COPY_PHASE_STRIP = NO;
				DEBUG_INFORMATION_FORMAT = "dwarf-with-dsym";
				ENABLE_NS_ASSERTIONS = NO;
				ENABLE_STRICT_OBJC_MSGSEND = YES;
				GCC_C_LANGUAGE_STANDARD = gnu11;
				GCC_NO_COMMON_BLOCKS = YES;
				GCC_WARN_64_TO_32_BIT_CONVERSION = YES;
				GCC_WARN_ABOUT_RETURN_TYPE = YES_ERROR;
				GCC_WARN_UNDECLARED_SELECTOR = YES;
				GCC_WARN_UNINITIALIZED_AUTOS = YES_AGGRESSIVE;
				GCC_WARN_UNUSED_FUNCTION = YES;
				GCC_WARN_UNUSED_VARIABLE = YES;
				IPHONEOS_DEPLOYMENT_TARGET = 13.0;
				MTL_ENABLE_DEBUG_INFO = NO;
				MTL_FAST_MATH = YES;
				SDKROOT = iphoneos;
				SWIFT_COMPILATION_MODE = wholemodule;
				SWIFT_OPTIMIZATION_LEVEL = "-O";
				VALIDATE_PRODUCT = YES;
			};
			name = Release;
		};
		9D265E4E26A7CC1200284C34 /* Debug */ = {
			isa = XCBuildConfiguration;
			baseConfigurationReference = EFDB7749C74B9E78695BC644 /* Pods-Combine Practice.debug.xcconfig */;
			buildSettings = {
				ASSETCATALOG_COMPILER_APPICON_NAME = AppIcon;
				ASSETCATALOG_COMPILER_GLOBAL_ACCENT_COLOR_NAME = AccentColor;
				CODE_SIGN_STYLE = Automatic;
				DEVELOPMENT_TEAM = UNAH767L53;
				INFOPLIST_FILE = "Combine Practice/Info.plist";
				LD_RUNPATH_SEARCH_PATHS = (
					"$(inherited)",
					"@executable_path/Frameworks",
				);
				PRODUCT_BUNDLE_IDENTIFIER = "yenting.Combine-Practice";
				PRODUCT_NAME = "$(TARGET_NAME)";
				SWIFT_VERSION = 5.0;
				TARGETED_DEVICE_FAMILY = "1,2";
			};
			name = Debug;
		};
		9D265E4F26A7CC1200284C34 /* Release */ = {
			isa = XCBuildConfiguration;
			baseConfigurationReference = CEBD6EFC691A1435207B0393 /* Pods-Combine Practice.release.xcconfig */;
			buildSettings = {
				ASSETCATALOG_COMPILER_APPICON_NAME = AppIcon;
				ASSETCATALOG_COMPILER_GLOBAL_ACCENT_COLOR_NAME = AccentColor;
				CODE_SIGN_STYLE = Automatic;
				DEVELOPMENT_TEAM = UNAH767L53;
				INFOPLIST_FILE = "Combine Practice/Info.plist";
				LD_RUNPATH_SEARCH_PATHS = (
					"$(inherited)",
					"@executable_path/Frameworks",
				);
				PRODUCT_BUNDLE_IDENTIFIER = "yenting.Combine-Practice";
				PRODUCT_NAME = "$(TARGET_NAME)";
				SWIFT_VERSION = 5.0;
				TARGETED_DEVICE_FAMILY = "1,2";
			};
			name = Release;
		};
/* End XCBuildConfiguration section */

/* Begin XCConfigurationList section */
		9D265E1B26A7CC0E00284C34 /* Build configuration list for PBXProject "Combine Practice" */ = {
			isa = XCConfigurationList;
			buildConfigurations = (
				9D265E4B26A7CC1200284C34 /* Debug */,
				9D265E4C26A7CC1200284C34 /* Release */,
			);
			defaultConfigurationIsVisible = 0;
			defaultConfigurationName = Release;
		};
		9D265E4D26A7CC1200284C34 /* Build configuration list for PBXNativeTarget "Combine Practice" */ = {
			isa = XCConfigurationList;
			buildConfigurations = (
				9D265E4E26A7CC1200284C34 /* Debug */,
				9D265E4F26A7CC1200284C34 /* Release */,
			);
			defaultConfigurationIsVisible = 0;
			defaultConfigurationName = Release;
		};
/* End XCConfigurationList section */

/* Begin XCVersionGroup section */
		9D265E2C26A7CC0E00284C34 /* Combine_Practice.xcdatamodeld */ = {
			isa = XCVersionGroup;
			children = (
				9D265E2D26A7CC0E00284C34 /* Combine_Practice.xcdatamodel */,
			);
			currentVersion = 9D265E2D26A7CC0E00284C34 /* Combine_Practice.xcdatamodel */;
			path = Combine_Practice.xcdatamodeld;
			sourceTree = "<group>";
			versionGroupType = wrapper.xcdatamodel;
		};
/* End XCVersionGroup section */
	};
	rootObject = 9D265E1826A7CC0E00284C34 /* Project object */;
}
